
Microsoft Visual Studio Solution File, Format Version 12.00
# Visual Studio Version 16
VisualStudioVersion = 16.0.31624.102
MinimumVisualStudioVersion = 10.0.40219.1
Project("{FAE04EC0-301F-11D3-BF4B-00C04F79EFBC}") = "LaboratoryApp", "LaboratoryApp.csproj", "{D9296539-C5C2-4D92-87EF-CC7AE97230B0}"
EndProject
Global
	GlobalSection(SolutionConfigurationPlatforms) = preSolution
		Debug|Any CPU = Debug|Any CPU
		Release|Any CPU = Release|Any CPU
	EndGlobalSection
	GlobalSection(ProjectConfigurationPlatforms) = postSolution
		{D9296539-C5C2-4D92-87EF-CC7AE97230B0}.Debug|Any CPU.ActiveCfg = Debug|Any CPU
		{D9296539-C5C2-4D92-87EF-CC7AE97230B0}.Debug|Any CPU.Build.0 = Debug|Any CPU
		{D9296539-C5C2-4D92-87EF-CC7AE97230B0}.Release|Any CPU.ActiveCfg = Release|Any CPU
		{D9296539-C5C2-4D92-87EF-CC7AE97230B0}.Release|Any CPU.Build.0 = Release|Any CPU
	EndGlobalSection
	GlobalSection(SolutionProperties) = preSolution
		HideSolutionNode = FALSE
	EndGlobalSection
	GlobalSection(ExtensibilityGlobals) = postSolution
		SolutionGuid = {E55F3841-A996-40B5-8C37-189587AA21CB}
	EndGlobalSection
EndGlobal
